
Microsoft Visual Studio Solution File, Format Version 12.00
# Visual Studio Version 16
VisualStudioVersion = 16.0.29123.88
MinimumVisualStudioVersion = 10.0.40219.1
Project("{9A19103F-16F7-4668-BE54-9A1E7A4F7556}") = "EmployeeWebAPI", "EmployeeWebAPI\EmployeeWebAPI.csproj", "{4001C9BB-7337-4E59-B2A5-0CC10E11243B}"
EndProject
Global
	GlobalSection(SolutionConfigurationPlatforms) = preSolution
		Debug|Any CPU = Debug|Any CPU
		Release|Any CPU = Release|Any CPU
	EndGlobalSection
	GlobalSection(ProjectConfigurationPlatforms) = postSolution
		{4001C9BB-7337-4E59-B2A5-0CC10E11243B}.Debug|Any CPU.ActiveCfg = Debug|Any CPU
		{4001C9BB-7337-4E59-B2A5-0CC10E11243B}.Debug|Any CPU.Build.0 = Debug|Any CPU
		{4001C9BB-7337-4E59-B2A5-0CC10E11243B}.Release|Any CPU.ActiveCfg = Release|Any CPU
		{4001C9BB-7337-4E59-B2A5-0CC10E11243B}.Release|Any CPU.Build.0 = Release|Any CPU
	EndGlobalSection
	GlobalSection(SolutionProperties) = preSolution
		HideSolutionNode = FALSE
	EndGlobalSection
	GlobalSection(ExtensibilityGlobals) = postSolution
		SolutionGuid = {4E7E0685-270F-4837-8F51-A9BF6079507C}
	EndGlobalSection
EndGlobal
